# THIS IS AN AUTOGENERATED FILE. DO NOT EDIT THIS FILE DIRECTLY.
# yarn lockfile v1


"@emnapi/runtime@^1.4.0":
  version "1.4.3"
  resolved "https://registry.yarnpkg.com/@emnapi/runtime/-/runtime-1.4.3.tgz#c0564665c80dc81c448adac23f9dfbed6c838f7d"
  integrity sha512-pBPWdu6MLKROBX05wSNKcNb++m5Er+KQ9QkB+WVM+pW2Kx9hoSrVTnu3BdkI5eBLZoKu/J6mW/B6i6bJB2ytXQ==
  dependencies:
    tslib "^2.4.0"

"@floating-ui/core@^1.7.0":
  version "1.7.0"
  resolved "https://registry.yarnpkg.com/@floating-ui/core/-/core-1.7.0.tgz#1aff27a993ea1b254a586318c29c3b16ea0f4d0a"
  integrity sha512-FRdBLykrPPA6P76GGGqlex/e7fbe0F1ykgxHYNXQsH/iTEtjMj/f9bpY5oQqbjt5VgZvgz/uKXbGuROijh3VLA==
  dependencies:
    "@floating-ui/utils" "^0.2.9"

"@floating-ui/dom@^1.0.0":
  version "1.7.0"
  resolved "https://registry.yarnpkg.com/@floating-ui/dom/-/dom-1.7.0.tgz#f9f83ee4fee78ac23ad9e65b128fc11a27857532"
  integrity sha512-lGTor4VlXcesUMh1cupTUTDoCxMb0V6bm3CnxHzQcw8Eaf1jQbgQX4i02fYgT0vJ82tb5MZ4CZk1LRGkktJCzg==
  dependencies:
    "@floating-ui/core" "^1.7.0"
    "@floating-ui/utils" "^0.2.9"

"@floating-ui/react-dom@^2.0.0":
  version "2.1.2"
  resolved "https://registry.yarnpkg.com/@floating-ui/react-dom/-/react-dom-2.1.2.tgz#a1349bbf6a0e5cb5ded55d023766f20a4d439a31"
  integrity sha512-06okr5cgPzMNBy+Ycse2A6udMi4bqwW/zgBF/rwjcNqWkyr82Mcg8b0vjX8OJpZFy/FKjJmw6wV7t44kK6kW7A==
  dependencies:
    "@floating-ui/dom" "^1.0.0"

"@floating-ui/utils@^0.2.9":
  version "0.2.9"
  resolved "https://registry.yarnpkg.com/@floating-ui/utils/-/utils-0.2.9.tgz#50dea3616bc8191fb8e112283b49eaff03e78429"
  integrity sha512-MDWhGtE+eHw5JW7lq4qhc5yRLS11ERl1c7Z6Xd0a58DozHES6EnNNwUWbMiG4J9Cgj053Bhk8zvlhFYKVhULwg==

"@img/sharp-darwin-arm64@0.34.1":
  version "0.34.1"
  resolved "https://registry.yarnpkg.com/@img/sharp-darwin-arm64/-/sharp-darwin-arm64-0.34.1.tgz#e79a4756bea9a06a7aadb4391ee53cb154a4968c"
  integrity sha512-pn44xgBtgpEbZsu+lWf2KNb6OAf70X68k+yk69Ic2Xz11zHR/w24/U49XT7AeRwJ0Px+mhALhU5LPci1Aymk7A==
  optionalDependencies:
    "@img/sharp-libvips-darwin-arm64" "1.1.0"

"@img/sharp-darwin-x64@0.34.1":
  version "0.34.1"
  resolved "https://registry.yarnpkg.com/@img/sharp-darwin-x64/-/sharp-darwin-x64-0.34.1.tgz#f1f1d386719f6933796415d84937502b7199a744"
  integrity sha512-VfuYgG2r8BpYiOUN+BfYeFo69nP/MIwAtSJ7/Zpxc5QF3KS22z8Pvg3FkrSFJBPNQ7mmcUcYQFBmEQp7eu1F8Q==
  optionalDependencies:
    "@img/sharp-libvips-darwin-x64" "1.1.0"

"@img/sharp-libvips-darwin-arm64@1.1.0":
  version "1.1.0"
  resolved "https://registry.yarnpkg.com/@img/sharp-libvips-darwin-arm64/-/sharp-libvips-darwin-arm64-1.1.0.tgz#843f7c09c7245dc0d3cfec2b3c83bb08799a704f"
  integrity sha512-HZ/JUmPwrJSoM4DIQPv/BfNh9yrOA8tlBbqbLz4JZ5uew2+o22Ik+tHQJcih7QJuSa0zo5coHTfD5J8inqj9DA==

"@img/sharp-libvips-darwin-x64@1.1.0":
  version "1.1.0"
  resolved "https://registry.yarnpkg.com/@img/sharp-libvips-darwin-x64/-/sharp-libvips-darwin-x64-1.1.0.tgz#1239c24426c06a8e833815562f78047a3bfbaaf8"
  integrity sha512-Xzc2ToEmHN+hfvsl9wja0RlnXEgpKNmftriQp6XzY/RaSfwD9th+MSh0WQKzUreLKKINb3afirxW7A0fz2YWuQ==

"@img/sharp-libvips-linux-arm64@1.1.0":
  version "1.1.0"
  resolved "https://registry.yarnpkg.com/@img/sharp-libvips-linux-arm64/-/sharp-libvips-linux-arm64-1.1.0.tgz#20d276cefd903ee483f0441ba35961679c286315"
  integrity sha512-IVfGJa7gjChDET1dK9SekxFFdflarnUB8PwW8aGwEoF3oAsSDuNUTYS+SKDOyOJxQyDC1aPFMuRYLoDInyV9Ew==

"@img/sharp-libvips-linux-arm@1.1.0":
  version "1.1.0"
  resolved "https://registry.yarnpkg.com/@img/sharp-libvips-linux-arm/-/sharp-libvips-linux-arm-1.1.0.tgz#067c0b566eae8063738cf1b1db8f8a8573b5465c"
  integrity sha512-s8BAd0lwUIvYCJyRdFqvsj+BJIpDBSxs6ivrOPm/R7piTs5UIwY5OjXrP2bqXC9/moGsyRa37eYWYCOGVXxVrA==

"@img/sharp-libvips-linux-ppc64@1.1.0":
  version "1.1.0"
  resolved "https://registry.yarnpkg.com/@img/sharp-libvips-linux-ppc64/-/sharp-libvips-linux-ppc64-1.1.0.tgz#682334595f2ca00e0a07a675ba170af165162802"
  integrity sha512-tiXxFZFbhnkWE2LA8oQj7KYR+bWBkiV2nilRldT7bqoEZ4HiDOcePr9wVDAZPi/Id5fT1oY9iGnDq20cwUz8lQ==

"@img/sharp-libvips-linux-s390x@1.1.0":
  version "1.1.0"
  resolved "https://registry.yarnpkg.com/@img/sharp-libvips-linux-s390x/-/sharp-libvips-linux-s390x-1.1.0.tgz#82fcd68444b3666384235279c145c2b28d8ee302"
  integrity sha512-xukSwvhguw7COyzvmjydRb3x/09+21HykyapcZchiCUkTThEQEOMtBj9UhkaBRLuBrgLFzQ2wbxdeCCJW/jgJA==

"@img/sharp-libvips-linux-x64@1.1.0":
  version "1.1.0"
  resolved "https://registry.yarnpkg.com/@img/sharp-libvips-linux-x64/-/sharp-libvips-linux-x64-1.1.0.tgz#65b2b908bf47156b0724fde9095676c83a18cf5a"
  integrity sha512-yRj2+reB8iMg9W5sULM3S74jVS7zqSzHG3Ol/twnAAkAhnGQnpjj6e4ayUz7V+FpKypwgs82xbRdYtchTTUB+Q==

"@img/sharp-libvips-linuxmusl-arm64@1.1.0":
  version "1.1.0"
  resolved "https://registry.yarnpkg.com/@img/sharp-libvips-linuxmusl-arm64/-/sharp-libvips-linuxmusl-arm64-1.1.0.tgz#72accf924e80b081c8db83b900b444a67c203f01"
  integrity sha512-jYZdG+whg0MDK+q2COKbYidaqW/WTz0cc1E+tMAusiDygrM4ypmSCjOJPmFTvHHJ8j/6cAGyeDWZOsK06tP33w==

"@img/sharp-libvips-linuxmusl-x64@1.1.0":
  version "1.1.0"
  resolved "https://registry.yarnpkg.com/@img/sharp-libvips-linuxmusl-x64/-/sharp-libvips-linuxmusl-x64-1.1.0.tgz#1fa052737e203f46bf44192acd01f9faf11522d7"
  integrity sha512-wK7SBdwrAiycjXdkPnGCPLjYb9lD4l6Ze2gSdAGVZrEL05AOUJESWU2lhlC+Ffn5/G+VKuSm6zzbQSzFX/P65A==

"@img/sharp-linux-arm64@0.34.1":
  version "0.34.1"
  resolved "https://registry.yarnpkg.com/@img/sharp-linux-arm64/-/sharp-linux-arm64-0.34.1.tgz#c36ef964499b8cfc2d2ed88fe68f27ce41522c80"
  integrity sha512-kX2c+vbvaXC6vly1RDf/IWNXxrlxLNpBVWkdpRq5Ka7OOKj6nr66etKy2IENf6FtOgklkg9ZdGpEu9kwdlcwOQ==
  optionalDependencies:
    "@img/sharp-libvips-linux-arm64" "1.1.0"

"@img/sharp-linux-arm@0.34.1":
  version "0.34.1"
  resolved "https://registry.yarnpkg.com/@img/sharp-linux-arm/-/sharp-linux-arm-0.34.1.tgz#c96e38ff028d645912bb0aa132a7178b96997866"
  integrity sha512-anKiszvACti2sGy9CirTlNyk7BjjZPiML1jt2ZkTdcvpLU1YH6CXwRAZCA2UmRXnhiIftXQ7+Oh62Ji25W72jA==
  optionalDependencies:
    "@img/sharp-libvips-linux-arm" "1.1.0"

"@img/sharp-linux-s390x@0.34.1":
  version "0.34.1"
  resolved "https://registry.yarnpkg.com/@img/sharp-linux-s390x/-/sharp-linux-s390x-0.34.1.tgz#8ac58d9a49dcb08215e76c8d450717979b7815c3"
  integrity sha512-7s0KX2tI9mZI2buRipKIw2X1ufdTeaRgwmRabt5bi9chYfhur+/C1OXg3TKg/eag1W+6CCWLVmSauV1owmRPxA==
  optionalDependencies:
    "@img/sharp-libvips-linux-s390x" "1.1.0"

"@img/sharp-linux-x64@0.34.1":
  version "0.34.1"
  resolved "https://registry.yarnpkg.com/@img/sharp-linux-x64/-/sharp-linux-x64-0.34.1.tgz#3d8652efac635f0dba39d5e3b8b49515a2b2dee1"
  integrity sha512-wExv7SH9nmoBW3Wr2gvQopX1k8q2g5V5Iag8Zk6AVENsjwd+3adjwxtp3Dcu2QhOXr8W9NusBU6XcQUohBZ5MA==
  optionalDependencies:
    "@img/sharp-libvips-linux-x64" "1.1.0"

"@img/sharp-linuxmusl-arm64@0.34.1":
  version "0.34.1"
  resolved "https://registry.yarnpkg.com/@img/sharp-linuxmusl-arm64/-/sharp-linuxmusl-arm64-0.34.1.tgz#b267e6a3e06f9e4d345cde471e5480c5c39e6969"
  integrity sha512-DfvyxzHxw4WGdPiTF0SOHnm11Xv4aQexvqhRDAoD00MzHekAj9a/jADXeXYCDFH/DzYruwHbXU7uz+H+nWmSOQ==
  optionalDependencies:
    "@img/sharp-libvips-linuxmusl-arm64" "1.1.0"

"@img/sharp-linuxmusl-x64@0.34.1":
  version "0.34.1"
  resolved "https://registry.yarnpkg.com/@img/sharp-linuxmusl-x64/-/sharp-linuxmusl-x64-0.34.1.tgz#a8dee4b6227f348c4bbacaa6ac3dc584a1a80391"
  integrity sha512-pax/kTR407vNb9qaSIiWVnQplPcGU8LRIJpDT5o8PdAx5aAA7AS3X9PS8Isw1/WfqgQorPotjrZL3Pqh6C5EBg==
  optionalDependencies:
    "@img/sharp-libvips-linuxmusl-x64" "1.1.0"

"@img/sharp-wasm32@0.34.1":
  version "0.34.1"
  resolved "https://registry.yarnpkg.com/@img/sharp-wasm32/-/sharp-wasm32-0.34.1.tgz#f7dfd66b6c231269042d3d8750c90f28b9ddcba1"
  integrity sha512-YDybQnYrLQfEpzGOQe7OKcyLUCML4YOXl428gOOzBgN6Gw0rv8dpsJ7PqTHxBnXnwXr8S1mYFSLSa727tpz0xg==
  dependencies:
    "@emnapi/runtime" "^1.4.0"

"@img/sharp-win32-ia32@0.34.1":
  version "0.34.1"
  resolved "https://registry.yarnpkg.com/@img/sharp-win32-ia32/-/sharp-win32-ia32-0.34.1.tgz#4bc293705df76a5f0a02df66ca3dc12e88f61332"
  integrity sha512-WKf/NAZITnonBf3U1LfdjoMgNO5JYRSlhovhRhMxXVdvWYveM4kM3L8m35onYIdh75cOMCo1BexgVQcCDzyoWw==

"@img/sharp-win32-x64@0.34.1":
  version "0.34.1"
  resolved "https://registry.yarnpkg.com/@img/sharp-win32-x64/-/sharp-win32-x64-0.34.1.tgz#8a7922fec949f037c204c79f6b83238d2482384b"
  integrity sha512-hw1iIAHpNE8q3uMIRCgGOeDoz9KtFNarFLQclLxr/LK1VBkj8nby18RjFvr6aP7USRYAjTZW6yisnBWMX571Tw==

"@mongodb-js/saslprep@^1.1.9":
  version "1.2.2"
  resolved "https://registry.yarnpkg.com/@mongodb-js/saslprep/-/saslprep-1.2.2.tgz#09506f29cc2a99d9d7b951caa7fffc87e522a6d3"
  integrity sha512-EB0O3SCSNRUFk66iRCpI+cXzIjdswfCs7F6nOC3RAGJ7xr5YhaicvsRwJ9eyzYvYRlCSDUO/c7g4yNulxKC1WA==
  dependencies:
    sparse-bitfield "^3.0.3"

"@next/env@15.3.2":
  version "15.3.2"
  resolved "https://registry.yarnpkg.com/@next/env/-/env-15.3.2.tgz#7143eafa9b11cfdf3d3c7318b0facb9dfdb2948f"
  integrity sha512-xURk++7P7qR9JG1jJtLzPzf0qEvqCN0A/T3DXf8IPMKo9/6FfjxtEffRJIIew/bIL4T3C2jLLqBor8B/zVlx6g==

"@next/swc-darwin-arm64@15.3.2":
  version "15.3.2"
  resolved "https://registry.yarnpkg.com/@next/swc-darwin-arm64/-/swc-darwin-arm64-15.3.2.tgz#1a7b36bf3c439f899065c878a580bc57a3630ec7"
  integrity sha512-2DR6kY/OGcokbnCsjHpNeQblqCZ85/1j6njYSkzRdpLn5At7OkSdmk7WyAmB9G0k25+VgqVZ/u356OSoQZ3z0g==

"@next/swc-darwin-x64@15.3.2":
  version "15.3.2"
  resolved "https://registry.yarnpkg.com/@next/swc-darwin-x64/-/swc-darwin-x64-15.3.2.tgz#3742026344f49128cf1b0f43814c67e880db7361"
  integrity sha512-ro/fdqaZWL6k1S/5CLv1I0DaZfDVJkWNaUU3un8Lg6m0YENWlDulmIWzV96Iou2wEYyEsZq51mwV8+XQXqMp3w==

"@next/swc-linux-arm64-gnu@15.3.2":
  version "15.3.2"
  resolved "https://registry.yarnpkg.com/@next/swc-linux-arm64-gnu/-/swc-linux-arm64-gnu-15.3.2.tgz#fb29d45c034e3d2eef89b0e2801d62eb86155823"
  integrity sha512-covwwtZYhlbRWK2HlYX9835qXum4xYZ3E2Mra1mdQ+0ICGoMiw1+nVAn4d9Bo7R3JqSmK1grMq/va+0cdh7bJA==

"@next/swc-linux-arm64-musl@15.3.2":
  version "15.3.2"
  resolved "https://registry.yarnpkg.com/@next/swc-linux-arm64-musl/-/swc-linux-arm64-musl-15.3.2.tgz#396784ef312666600ab1ae481e34cb1f6e3ae730"
  integrity sha512-KQkMEillvlW5Qk5mtGA/3Yz0/tzpNlSw6/3/ttsV1lNtMuOHcGii3zVeXZyi4EJmmLDKYcTcByV2wVsOhDt/zg==

"@next/swc-linux-x64-gnu@15.3.2":
  version "15.3.2"
  resolved "https://registry.yarnpkg.com/@next/swc-linux-x64-gnu/-/swc-linux-x64-gnu-15.3.2.tgz#ac01fda376878e02bc6b57d1e88ab8ceae9f868e"
  integrity sha512-uRBo6THWei0chz+Y5j37qzx+BtoDRFIkDzZjlpCItBRXyMPIg079eIkOCl3aqr2tkxL4HFyJ4GHDes7W8HuAUg==

"@next/swc-linux-x64-musl@15.3.2":
  version "15.3.2"
  resolved "https://registry.yarnpkg.com/@next/swc-linux-x64-musl/-/swc-linux-x64-musl-15.3.2.tgz#327a5023003bcb3ca436efc08733f091bba2b1e8"
  integrity sha512-+uxFlPuCNx/T9PdMClOqeE8USKzj8tVz37KflT3Kdbx/LOlZBRI2yxuIcmx1mPNK8DwSOMNCr4ureSet7eyC0w==

"@next/swc-win32-arm64-msvc@15.3.2":
  version "15.3.2"
  resolved "https://registry.yarnpkg.com/@next/swc-win32-arm64-msvc/-/swc-win32-arm64-msvc-15.3.2.tgz#ce3a6588bd9c020960704011ab20bd0440026965"
  integrity sha512-LLTKmaI5cfD8dVzh5Vt7+OMo+AIOClEdIU/TSKbXXT2iScUTSxOGoBhfuv+FU8R9MLmrkIL1e2fBMkEEjYAtPQ==

"@next/swc-win32-x64-msvc@15.3.2":
  version "15.3.2"
  resolved "https://registry.yarnpkg.com/@next/swc-win32-x64-msvc/-/swc-win32-x64-msvc-15.3.2.tgz#43cc36097ac27639e9024a5ceaa6e7727fa968c8"
  integrity sha512-aW5B8wOPioJ4mBdMDXkt5f3j8pUr9W8AnlX0Df35uRWNT1Y6RIybxjnSUe+PhM+M1bwgyY8PHLmXZC6zT1o5tA==

"@radix-ui/primitive@1.1.2":
  version "1.1.2"
  resolved "https://registry.yarnpkg.com/@radix-ui/primitive/-/primitive-1.1.2.tgz#83f415c4425f21e3d27914c12b3272a32e3dae65"
  integrity sha512-XnbHrrprsNqZKQhStrSwgRUQzoCI1glLzdw79xiZPoofhGICeZRSQ3dIxAKH1gb3OHfNf4d6f+vAv3kil2eggA==

"@radix-ui/react-arrow@1.1.6":
  version "1.1.6"
  resolved "https://registry.yarnpkg.com/@radix-ui/react-arrow/-/react-arrow-1.1.6.tgz#4b460fdbc1ac097a4964e04ca404c25c2f6d7d3f"
  integrity sha512-2JMfHJf/eVnwq+2dewT3C0acmCWD3XiVA1Da+jTDqo342UlU13WvXtqHhG+yJw5JeQmu4ue2eMy6gcEArLBlcw==
  dependencies:
    "@radix-ui/react-primitive" "2.1.2"

"@radix-ui/react-avatar@^1.1.3":
  version "1.1.9"
  resolved "https://registry.yarnpkg.com/@radix-ui/react-avatar/-/react-avatar-1.1.9.tgz#592b1ff78a5ad90bd8bff54935d88a6b6960520f"
  integrity sha512-10tQokfvZdFvnvDkcOJPjm2pWiP8A0R4T83MoD7tb15bC/k2GU7B1YBuzJi8lNQ8V1QqhP8ocNqp27ByZaNagQ==
  dependencies:
    "@radix-ui/react-context" "1.1.2"
    "@radix-ui/react-primitive" "2.1.2"
    "@radix-ui/react-use-callback-ref" "1.1.1"
    "@radix-ui/react-use-is-hydrated" "0.1.0"
    "@radix-ui/react-use-layout-effect" "1.1.1"

"@radix-ui/react-collapsible@^1.1.3":
  version "1.1.10"
  resolved "https://registry.yarnpkg.com/@radix-ui/react-collapsible/-/react-collapsible-1.1.10.tgz#a0e75e5cd9666e8c8100d539a9f57c50d113e38b"
  integrity sha512-O2mcG3gZNkJ/Ena34HurA3llPOEA/M4dJtIRMa6y/cknRDC8XY5UZBInKTsUwW5cUue9A4k0wi1XU5fKBzKe1w==
  dependencies:
    "@radix-ui/primitive" "1.1.2"
    "@radix-ui/react-compose-refs" "1.1.2"
    "@radix-ui/react-context" "1.1.2"
    "@radix-ui/react-id" "1.1.1"
    "@radix-ui/react-presence" "1.1.4"
    "@radix-ui/react-primitive" "2.1.2"
    "@radix-ui/react-use-controllable-state" "1.2.2"
    "@radix-ui/react-use-layout-effect" "1.1.1"

"@radix-ui/react-collection@1.1.6":
  version "1.1.6"
  resolved "https://registry.yarnpkg.com/@radix-ui/react-collection/-/react-collection-1.1.6.tgz#fecf74475e4660ee99c7eb1ebfa5ccfb1a219fe4"
  integrity sha512-PbhRFK4lIEw9ADonj48tiYWzkllz81TM7KVYyyMMw2cwHO7D5h4XKEblL8NlaRisTK3QTe6tBEhDccFUryxHBQ==
  dependencies:
    "@radix-ui/react-compose-refs" "1.1.2"
    "@radix-ui/react-context" "1.1.2"
    "@radix-ui/react-primitive" "2.1.2"
    "@radix-ui/react-slot" "1.2.2"

"@radix-ui/react-compose-refs@1.1.2":
  version "1.1.2"
  resolved "https://registry.yarnpkg.com/@radix-ui/react-compose-refs/-/react-compose-refs-1.1.2.tgz#a2c4c47af6337048ee78ff6dc0d090b390d2bb30"
  integrity sha512-z4eqJvfiNnFMHIIvXP3CY57y2WJs5g2v3X0zm9mEJkrkNv4rDxu+sg9Jh8EkXyeqBkB7SOcboo9dMVqhyrACIg==

"@radix-ui/react-context@1.1.2":
  version "1.1.2"
  resolved "https://registry.yarnpkg.com/@radix-ui/react-context/-/react-context-1.1.2.tgz#61628ef269a433382c364f6f1e3788a6dc213a36"
  integrity sha512-jCi/QKUM2r1Ju5a3J64TH2A5SpKAgh0LpknyqdQ4m6DCV0xJ2HG1xARRwNGPQfi1SLdLWZ1OJz6F4OMBBNiGJA==

"@radix-ui/react-dialog@^1.1.6":
  version "1.1.13"
  resolved "https://registry.yarnpkg.com/@radix-ui/react-dialog/-/react-dialog-1.1.13.tgz#8c868a97ec70765efb125fd48708c9993c7ae683"
  integrity sha512-ARFmqUyhIVS3+riWzwGTe7JLjqwqgnODBUZdqpWar/z1WFs9z76fuOs/2BOWCR+YboRn4/WN9aoaGVwqNRr8VA==
  dependencies:
    "@radix-ui/primitive" "1.1.2"
    "@radix-ui/react-compose-refs" "1.1.2"
    "@radix-ui/react-context" "1.1.2"
    "@radix-ui/react-dismissable-layer" "1.1.9"
    "@radix-ui/react-focus-guards" "1.1.2"
    "@radix-ui/react-focus-scope" "1.1.6"
    "@radix-ui/react-id" "1.1.1"
    "@radix-ui/react-portal" "1.1.8"
    "@radix-ui/react-presence" "1.1.4"
    "@radix-ui/react-primitive" "2.1.2"
    "@radix-ui/react-slot" "1.2.2"
    "@radix-ui/react-use-controllable-state" "1.2.2"
    aria-hidden "^1.2.4"
    react-remove-scroll "^2.6.3"

"@radix-ui/react-direction@1.1.1":
  version "1.1.1"
  resolved "https://registry.yarnpkg.com/@radix-ui/react-direction/-/react-direction-1.1.1.tgz#39e5a5769e676c753204b792fbe6cf508e550a14"
  integrity sha512-1UEWRX6jnOA2y4H5WczZ44gOOjTEmlqv1uNW4GAJEO5+bauCBhv8snY65Iw5/VOS/ghKN9gr2KjnLKxrsvoMVw==

"@radix-ui/react-dismissable-layer@1.1.9":
  version "1.1.9"
  resolved "https://registry.yarnpkg.com/@radix-ui/react-dismissable-layer/-/react-dismissable-layer-1.1.9.tgz#46e025ba6e6f403677e22fbb7d99b63cf7b32bca"
  integrity sha512-way197PiTvNp+WBP7svMJasHl+vibhWGQDb6Mgf5mhEWJkgb85z7Lfl9TUdkqpWsf8GRNmoopx9ZxCyDzmgRMQ==
  dependencies:
    "@radix-ui/primitive" "1.1.2"
    "@radix-ui/react-compose-refs" "1.1.2"
    "@radix-ui/react-primitive" "2.1.2"
    "@radix-ui/react-use-callback-ref" "1.1.1"
    "@radix-ui/react-use-escape-keydown" "1.1.1"

"@radix-ui/react-dropdown-menu@^2.1.6":
  version "2.1.14"
  resolved "https://registry.yarnpkg.com/@radix-ui/react-dropdown-menu/-/react-dropdown-menu-2.1.14.tgz#94033ab8e2e905b9595085701cfc5d75a155c7b6"
  integrity sha512-lzuyNjoWOoaMFE/VC5FnAAYM16JmQA8ZmucOXtlhm2kKR5TSU95YLAueQ4JYuRmUJmBvSqXaVFGIfuukybwZJQ==
  dependencies:
    "@radix-ui/primitive" "1.1.2"
    "@radix-ui/react-compose-refs" "1.1.2"
    "@radix-ui/react-context" "1.1.2"
    "@radix-ui/react-id" "1.1.1"
    "@radix-ui/react-menu" "2.1.14"
    "@radix-ui/react-primitive" "2.1.2"
    "@radix-ui/react-use-controllable-state" "1.2.2"

"@radix-ui/react-focus-guards@1.1.2":
  version "1.1.2"
  resolved "https://registry.yarnpkg.com/@radix-ui/react-focus-guards/-/react-focus-guards-1.1.2.tgz#4ec9a7e50925f7fb661394460045b46212a33bed"
  integrity sha512-fyjAACV62oPV925xFCrH8DR5xWhg9KYtJT4s3u54jxp+L/hbpTY2kIeEFFbFe+a/HCE94zGQMZLIpVTPVZDhaA==

"@radix-ui/react-focus-scope@1.1.6":
  version "1.1.6"
  resolved "https://registry.yarnpkg.com/@radix-ui/react-focus-scope/-/react-focus-scope-1.1.6.tgz#a265c5f2c6fa4365cb16bdf4fee69e36b62f728a"
  integrity sha512-r9zpYNUQY+2jWHWZGyddQLL9YHkM/XvSFHVcWs7bdVuxMAnCwTAuy6Pf47Z4nw7dYcUou1vg/VgjjrrH03VeBw==
  dependencies:
    "@radix-ui/react-compose-refs" "1.1.2"
    "@radix-ui/react-primitive" "2.1.2"
    "@radix-ui/react-use-callback-ref" "1.1.1"

"@radix-ui/react-id@1.1.1":
  version "1.1.1"
  resolved "https://registry.yarnpkg.com/@radix-ui/react-id/-/react-id-1.1.1.tgz#1404002e79a03fe062b7e3864aa01e24bd1471f7"
  integrity sha512-kGkGegYIdQsOb4XjsfM97rXsiHaBwco+hFI66oO4s9LU+PLAC5oJ7khdOVFxkhsmlbpUqDAvXw11CluXP+jkHg==
  dependencies:
    "@radix-ui/react-use-layout-effect" "1.1.1"

"@radix-ui/react-menu@2.1.14":
  version "2.1.14"
  resolved "https://registry.yarnpkg.com/@radix-ui/react-menu/-/react-menu-2.1.14.tgz#613804ed5e94a052ade694775a27d47220d1dd26"
  integrity sha512-0zSiBAIFq9GSKoSH5PdEaQeRB3RnEGxC+H2P0egtnKoKKLNBH8VBHyVO6/jskhjAezhOIplyRUj7U2lds9A+Yg==
  dependencies:
    "@radix-ui/primitive" "1.1.2"
    "@radix-ui/react-collection" "1.1.6"
    "@radix-ui/react-compose-refs" "1.1.2"
    "@radix-ui/react-context" "1.1.2"
    "@radix-ui/react-direction" "1.1.1"
    "@radix-ui/react-dismissable-layer" "1.1.9"
    "@radix-ui/react-focus-guards" "1.1.2"
    "@radix-ui/react-focus-scope" "1.1.6"
    "@radix-ui/react-id" "1.1.1"
    "@radix-ui/react-popper" "1.2.6"
    "@radix-ui/react-portal" "1.1.8"
    "@radix-ui/react-presence" "1.1.4"
    "@radix-ui/react-primitive" "2.1.2"
    "@radix-ui/react-roving-focus" "1.1.9"
    "@radix-ui/react-slot" "1.2.2"
    "@radix-ui/react-use-callback-ref" "1.1.1"
    aria-hidden "^1.2.4"
    react-remove-scroll "^2.6.3"

"@radix-ui/react-navigation-menu@^1.2.5":
  version "1.2.12"
  resolved "https://registry.yarnpkg.com/@radix-ui/react-navigation-menu/-/react-navigation-menu-1.2.12.tgz#d86b4ea4e12617186f912a0ceefb81379cd60a82"
  integrity sha512-iExvawdu7n6DidDJRU5pMTdi+Z3DaVPN4UZbAGuTs7nJA8P4RvvkEz+XYI2UJjb/Hh23RrH19DakgZNLdaq9Bw==
  dependencies:
    "@radix-ui/primitive" "1.1.2"
    "@radix-ui/react-collection" "1.1.6"
    "@radix-ui/react-compose-refs" "1.1.2"
    "@radix-ui/react-context" "1.1.2"
    "@radix-ui/react-direction" "1.1.1"
    "@radix-ui/react-dismissable-layer" "1.1.9"
    "@radix-ui/react-id" "1.1.1"
    "@radix-ui/react-presence" "1.1.4"
    "@radix-ui/react-primitive" "2.1.2"
    "@radix-ui/react-use-callback-ref" "1.1.1"
    "@radix-ui/react-use-controllable-state" "1.2.2"
    "@radix-ui/react-use-layout-effect" "1.1.1"
    "@radix-ui/react-use-previous" "1.1.1"
    "@radix-ui/react-visually-hidden" "1.2.2"

"@radix-ui/react-popper@1.2.6":
  version "1.2.6"
  resolved "https://registry.yarnpkg.com/@radix-ui/react-popper/-/react-popper-1.2.6.tgz#227d2882f19d80933796525c7bbd0d3ddf699ac0"
  integrity sha512-7iqXaOWIjDBfIG7aq8CUEeCSsQMLFdn7VEE8TaFz704DtEzpPHR7w/uuzRflvKgltqSAImgcmxQ7fFX3X7wasg==
  dependencies:
    "@floating-ui/react-dom" "^2.0.0"
    "@radix-ui/react-arrow" "1.1.6"
    "@radix-ui/react-compose-refs" "1.1.2"
    "@radix-ui/react-context" "1.1.2"
    "@radix-ui/react-primitive" "2.1.2"
    "@radix-ui/react-use-callback-ref" "1.1.1"
    "@radix-ui/react-use-layout-effect" "1.1.1"
    "@radix-ui/react-use-rect" "1.1.1"
    "@radix-ui/react-use-size" "1.1.1"
    "@radix-ui/rect" "1.1.1"

"@radix-ui/react-portal@1.1.8":
  version "1.1.8"
  resolved "https://registry.yarnpkg.com/@radix-ui/react-portal/-/react-portal-1.1.8.tgz#0181e85bc0d8c67229dd8cf198204f5f4cc7c09c"
  integrity sha512-hQsTUIn7p7fxCPvao/q6wpbxmCwgLrlz+nOrJgC+RwfZqWY/WN+UMqkXzrtKbPrF82P43eCTl3ekeKuyAQbFeg==
  dependencies:
    "@radix-ui/react-primitive" "2.1.2"
    "@radix-ui/react-use-layout-effect" "1.1.1"

"@radix-ui/react-presence@1.1.4":
  version "1.1.4"
  resolved "https://registry.yarnpkg.com/@radix-ui/react-presence/-/react-presence-1.1.4.tgz#253ac0ad4946c5b4a9c66878335f5cf07c967ced"
  integrity sha512-ueDqRbdc4/bkaQT3GIpLQssRlFgWaL/U2z/S31qRwwLWoxHLgry3SIfCwhxeQNbirEUXFa+lq3RL3oBYXtcmIA==
  dependencies:
    "@radix-ui/react-compose-refs" "1.1.2"
    "@radix-ui/react-use-layout-effect" "1.1.1"

"@radix-ui/react-primitive@2.1.2":
  version "2.1.2"
  resolved "https://registry.yarnpkg.com/@radix-ui/react-primitive/-/react-primitive-2.1.2.tgz#03f64f957719c761d22c2f92cc43ffb64bd42cc8"
  integrity sha512-uHa+l/lKfxuDD2zjN/0peM/RhhSmRjr5YWdk/37EnSv1nJ88uvG85DPexSm8HdFQROd2VdERJ6ynXbkCFi+APw==
  dependencies:
    "@radix-ui/react-slot" "1.2.2"

"@radix-ui/react-progress@^1.1.2":
  version "1.1.6"
  resolved "https://registry.yarnpkg.com/@radix-ui/react-progress/-/react-progress-1.1.6.tgz#bec8368fffe28446895be48a4b85f71eb91709f6"
  integrity sha512-QzN9a36nKk2eZKMf9EBCia35x3TT+SOgZuzQBVIHyRrmYYi73VYBRK3zKwdJ6az/F5IZ6QlacGJBg7zfB85liA==
  dependencies:
    "@radix-ui/react-context" "1.1.2"
    "@radix-ui/react-primitive" "2.1.2"

"@radix-ui/react-roving-focus@1.1.9":
  version "1.1.9"
  resolved "https://registry.yarnpkg.com/@radix-ui/react-roving-focus/-/react-roving-focus-1.1.9.tgz#37fcacb7dfcc9ea45401b2dd07bd97ccbb8911b2"
  integrity sha512-ZzrIFnMYHHCNqSNCsuN6l7wlewBEq0O0BCSBkabJMFXVO51LRUTq71gLP1UxFvmrXElqmPjA5VX7IqC9VpazAQ==
  dependencies:
    "@radix-ui/primitive" "1.1.2"
    "@radix-ui/react-collection" "1.1.6"
    "@radix-ui/react-compose-refs" "1.1.2"
    "@radix-ui/react-context" "1.1.2"
    "@radix-ui/react-direction" "1.1.1"
    "@radix-ui/react-id" "1.1.1"
    "@radix-ui/react-primitive" "2.1.2"
    "@radix-ui/react-use-callback-ref" "1.1.1"
    "@radix-ui/react-use-controllable-state" "1.2.2"

"@radix-ui/react-slot@1.2.2":
  version "1.2.2"
  resolved "https://registry.yarnpkg.com/@radix-ui/react-slot/-/react-slot-1.2.2.tgz#18e6533e778a2051edc2ad0773da8e22f03f626a"
  integrity sha512-y7TBO4xN4Y94FvcWIOIh18fM4R1A8S4q1jhoz4PNzOoHsFcN8pogcFmZrTYAm4F9VRUrWP/Mw7xSKybIeRI+CQ==
  dependencies:
    "@radix-ui/react-compose-refs" "1.1.2"

"@radix-ui/react-tabs@^1.1.3":
  version "1.1.11"
  resolved "https://registry.yarnpkg.com/@radix-ui/react-tabs/-/react-tabs-1.1.11.tgz#9dc002ea6f8ad6830bc20f349afdc57c6039009c"
  integrity sha512-4FiKSVoXqPP/KfzlB7lwwqoFV6EPwkrrqGp9cUYXjwDYHhvpnqq79P+EPHKcdoTE7Rl8w/+6s9rTlsfXHES9GA==
  dependencies:
    "@radix-ui/primitive" "1.1.2"
    "@radix-ui/react-context" "1.1.2"
    "@radix-ui/react-direction" "1.1.1"
    "@radix-ui/react-id" "1.1.1"
    "@radix-ui/react-presence" "1.1.4"
    "@radix-ui/react-primitive" "2.1.2"
    "@radix-ui/react-roving-focus" "1.1.9"
    "@radix-ui/react-use-controllable-state" "1.2.2"

"@radix-ui/react-use-callback-ref@1.1.1":
  version "1.1.1"
  resolved "https://registry.yarnpkg.com/@radix-ui/react-use-callback-ref/-/react-use-callback-ref-1.1.1.tgz#62a4dba8b3255fdc5cc7787faeac1c6e4cc58d40"
  integrity sha512-FkBMwD+qbGQeMu1cOHnuGB6x4yzPjho8ap5WtbEJ26umhgqVXbhekKUQO+hZEL1vU92a3wHwdp0HAcqAUF5iDg==

"@radix-ui/react-use-controllable-state@1.2.2":
  version "1.2.2"
  resolved "https://registry.yarnpkg.com/@radix-ui/react-use-controllable-state/-/react-use-controllable-state-1.2.2.tgz#905793405de57d61a439f4afebbb17d0645f3190"
  integrity sha512-BjasUjixPFdS+NKkypcyyN5Pmg83Olst0+c6vGov0diwTEo6mgdqVR6hxcEgFuh4QrAs7Rc+9KuGJ9TVCj0Zzg==
  dependencies:
    "@radix-ui/react-use-effect-event" "0.0.2"
    "@radix-ui/react-use-layout-effect" "1.1.1"

"@radix-ui/react-use-effect-event@0.0.2":
  version "0.0.2"
  resolved "https://registry.yarnpkg.com/@radix-ui/react-use-effect-event/-/react-use-effect-event-0.0.2.tgz#090cf30d00a4c7632a15548512e9152217593907"
  integrity sha512-Qp8WbZOBe+blgpuUT+lw2xheLP8q0oatc9UpmiemEICxGvFLYmHm9QowVZGHtJlGbS6A6yJ3iViad/2cVjnOiA==
  dependencies:
    "@radix-ui/react-use-layout-effect" "1.1.1"

"@radix-ui/react-use-escape-keydown@1.1.1":
  version "1.1.1"
  resolved "https://registry.yarnpkg.com/@radix-ui/react-use-escape-keydown/-/react-use-escape-keydown-1.1.1.tgz#b3fed9bbea366a118f40427ac40500aa1423cc29"
  integrity sha512-Il0+boE7w/XebUHyBjroE+DbByORGR9KKmITzbR7MyQ4akpORYP/ZmbhAr0DG7RmmBqoOnZdy2QlvajJ2QA59g==
  dependencies:
    "@radix-ui/react-use-callback-ref" "1.1.1"

"@radix-ui/react-use-is-hydrated@0.1.0":
  version "0.1.0"
  resolved "https://registry.yarnpkg.com/@radix-ui/react-use-is-hydrated/-/react-use-is-hydrated-0.1.0.tgz#544da73369517036c77659d7cdd019dc0f5ff9a0"
  integrity sha512-U+UORVEq+cTnRIaostJv9AGdV3G6Y+zbVd+12e18jQ5A3c0xL03IhnHuiU4UV69wolOQp5GfR58NW/EgdQhwOA==
  dependencies:
    use-sync-external-store "^1.5.0"

"@radix-ui/react-use-layout-effect@1.1.1":
  version "1.1.1"
  resolved "https://registry.yarnpkg.com/@radix-ui/react-use-layout-effect/-/react-use-layout-effect-1.1.1.tgz#0c4230a9eed49d4589c967e2d9c0d9d60a23971e"
  integrity sha512-RbJRS4UWQFkzHTTwVymMTUv8EqYhOp8dOOviLj2ugtTiXRaRQS7GLGxZTLL1jWhMeoSCf5zmcZkqTl9IiYfXcQ==

"@radix-ui/react-use-previous@1.1.1":
  version "1.1.1"
  resolved "https://registry.yarnpkg.com/@radix-ui/react-use-previous/-/react-use-previous-1.1.1.tgz#1a1ad5568973d24051ed0af687766f6c7cb9b5b5"
  integrity sha512-2dHfToCj/pzca2Ck724OZ5L0EVrr3eHRNsG/b3xQJLA2hZpVCS99bLAX+hm1IHXDEnzU6by5z/5MIY794/a8NQ==

"@radix-ui/react-use-rect@1.1.1":
  version "1.1.1"
  resolved "https://registry.yarnpkg.com/@radix-ui/react-use-rect/-/react-use-rect-1.1.1.tgz#01443ca8ed071d33023c1113e5173b5ed8769152"
  integrity sha512-QTYuDesS0VtuHNNvMh+CjlKJ4LJickCMUAqjlE3+j8w+RlRpwyX3apEQKGFzbZGdo7XNG1tXa+bQqIE7HIXT2w==
  dependencies:
    "@radix-ui/rect" "1.1.1"

"@radix-ui/react-use-size@1.1.1":
  version "1.1.1"
  resolved "https://registry.yarnpkg.com/@radix-ui/react-use-size/-/react-use-size-1.1.1.tgz#6de276ffbc389a537ffe4316f5b0f24129405b37"
  integrity sha512-ewrXRDTAqAXlkl6t/fkXWNAhFX9I+CkKlw6zjEwk86RSPKwZr3xpBRso655aqYafwtnbpHLj6toFzmd6xdVptQ==
  dependencies:
    "@radix-ui/react-use-layout-effect" "1.1.1"

"@radix-ui/react-visually-hidden@1.2.2":
  version "1.2.2"
  resolved "https://registry.yarnpkg.com/@radix-ui/react-visually-hidden/-/react-visually-hidden-1.2.2.tgz#aa6d0f95b0cd50f08b02393d25132f52ca7861dc"
  integrity sha512-ORCmRUbNiZIv6uV5mhFrhsIKw4UX/N3syZtyqvry61tbGm4JlgQuSn0hk5TwCARsCjkcnuRkSdCE3xfb+ADHew==
  dependencies:
    "@radix-ui/react-primitive" "2.1.2"

"@radix-ui/rect@1.1.1":
  version "1.1.1"
  resolved "https://registry.yarnpkg.com/@radix-ui/rect/-/rect-1.1.1.tgz#78244efe12930c56fd255d7923865857c41ac8cb"
  integrity sha512-HPwpGIzkl28mWyZqG52jiqDJ12waP11Pa1lGoiyUkIEuMLBP0oeK/C89esbXrxsky5we7dfd8U58nm0SgAWpVw==

"@swc/counter@0.1.3":
  version "0.1.3"
  resolved "https://registry.yarnpkg.com/@swc/counter/-/counter-0.1.3.tgz#cc7463bd02949611c6329596fccd2b0ec782b0e9"
  integrity sha512-e2BR4lsJkkRlKZ/qCHPw9ZaSxc0MVUd7gtbtaB7aMvHeJVYe8sOB8DBZkP2DtISHGSku9sCK6T6cnY0CtXrOCQ==

"@swc/helpers@0.5.15":
  version "0.5.15"
  resolved "https://registry.yarnpkg.com/@swc/helpers/-/helpers-0.5.15.tgz#79efab344c5819ecf83a43f3f9f811fc84b516d7"
  integrity sha512-JQ5TuMi45Owi4/BIMAJBoSQoOJu12oOk/gADqlcUL9JEdHB8vyjUSsxqeNXnmXHjYKMi2WcYtezGEEhqUI/E2g==
  dependencies:
    tslib "^2.8.0"

"@types/webidl-conversions@*":
  version "7.0.3"
  resolved "https://registry.yarnpkg.com/@types/webidl-conversions/-/webidl-conversions-7.0.3.tgz#1306dbfa53768bcbcfc95a1c8cde367975581859"
  integrity sha512-CiJJvcRtIgzadHCYXw7dqEnMNRjhGZlYK05Mj9OyktqV8uVT8fD2BFOB7S1uwBE3Kj2Z+4UyPmFw/Ixgw/LAlA==

"@types/whatwg-url@^11.0.2":
  version "11.0.5"
  resolved "https://registry.yarnpkg.com/@types/whatwg-url/-/whatwg-url-11.0.5.tgz#aaa2546e60f0c99209ca13360c32c78caf2c409f"
  integrity sha512-coYR071JRaHa+xoEvvYqvnIHaVqaYrLPbsufM9BF63HkwI5Lgmy2QR8Q5K/lYDYo5AK82wOvSOS0UsLTpTG7uQ==
  dependencies:
    "@types/webidl-conversions" "*"

aria-hidden@^1.2.4:
  version "1.2.4"
  resolved "https://registry.yarnpkg.com/aria-hidden/-/aria-hidden-1.2.4.tgz#b78e383fdbc04d05762c78b4a25a501e736c4522"
  integrity sha512-y+CcFFwelSXpLZk/7fMB2mUbGtX9lKycf1MWJ7CaTIERyitVlyQx6C+sxcROU2BAJ24OiZyK+8wj2i8AlBoS3A==
  dependencies:
    tslib "^2.0.0"

autoprefixer@^10.4.21:
  version "10.4.21"
  resolved "https://registry.yarnpkg.com/autoprefixer/-/autoprefixer-10.4.21.tgz#77189468e7a8ad1d9a37fbc08efc9f480cf0a95d"
  integrity sha512-O+A6LWV5LDHSJD3LjHYoNi4VLsj/Whi7k6zG12xTYaU4cQ8oxQGckXNX8cRHK5yOZ/ppVHe0ZBXGzSV9jXdVbQ==
  dependencies:
    browserslist "^4.24.4"
    caniuse-lite "^1.0.30001702"
    fraction.js "^4.3.7"
    normalize-range "^0.1.2"
    picocolors "^1.1.1"
    postcss-value-parser "^4.2.0"

browserslist@^4.24.4:
  version "4.24.5"
  resolved "https://registry.yarnpkg.com/browserslist/-/browserslist-4.24.5.tgz#aa0f5b8560fe81fde84c6dcb38f759bafba0e11b"
  integrity sha512-FDToo4Wo82hIdgc1CQ+NQD0hEhmpPjrZ3hiUgwgOG6IuTdlpr8jdjyG24P6cNP1yJpTLzS5OcGgSw0xmDU1/Tw==
  dependencies:
    caniuse-lite "^1.0.30001716"
    electron-to-chromium "^1.5.149"
    node-releases "^2.0.19"
    update-browserslist-db "^1.1.3"

bson@^6.10.3:
  version "6.10.3"
  resolved "https://registry.yarnpkg.com/bson/-/bson-6.10.3.tgz#5f9a463af6b83e264bedd08b236d1356a30eda47"
  integrity sha512-MTxGsqgYTwfshYWTRdmZRC+M7FnG1b4y7RO7p2k3X24Wq0yv1m77Wsj0BzlPzd/IowgESfsruQCUToa7vbOpPQ==

busboy@1.6.0:
  version "1.6.0"
  resolved "https://registry.yarnpkg.com/busboy/-/busboy-1.6.0.tgz#966ea36a9502e43cdb9146962523b92f531f6893"
  integrity sha512-8SFQbg/0hQ9xy3UNTB0YEnsNBbWfhf7RtnzpL7TkBiTBRfrQ9Fxcnz7VJsleJpyp6rVLvXiuORqjlHi5q+PYuA==
  dependencies:
    streamsearch "^1.1.0"

caniuse-lite@^1.0.30001579, caniuse-lite@^1.0.30001702, caniuse-lite@^1.0.30001716:
  version "1.0.30001717"
  resolved "https://registry.yarnpkg.com/caniuse-lite/-/caniuse-lite-1.0.30001717.tgz#5d9fec5ce09796a1893013825510678928aca129"
  integrity sha512-auPpttCq6BDEG8ZAuHJIplGw6GODhjw+/11e7IjpnYCxZcW/ONgPs0KVBJ0d1bY3e2+7PRe5RCLyP+PfwVgkYw==

client-only@0.0.1:
  version "0.0.1"
  resolved "https://registry.yarnpkg.com/client-only/-/client-only-0.0.1.tgz#38bba5d403c41ab150bff64a95c85013cf73bca1"
  integrity sha512-IV3Ou0jSMzZrd3pZ48nLkT9DA7Ag1pnPzaiQhpW7c3RbcqqzvzzVu+L8gfqMp/8IM2MQtSiqaCxrrcfu8I8rMA==

color-convert@^2.0.1:
  version "2.0.1"
  resolved "https://registry.yarnpkg.com/color-convert/-/color-convert-2.0.1.tgz#72d3a68d598c9bdb3af2ad1e84f21d896abd4de3"
  integrity sha512-RRECPsj7iu/xb5oKYcsFHSppFNnsj/52OVTRKb4zP5onXwVF3zVmmToNcOfGC+CRDpfK/U584fMg38ZHCaElKQ==
  dependencies:
    color-name "~1.1.4"

color-name@^1.0.0, color-name@~1.1.4:
  version "1.1.4"
  resolved "https://registry.yarnpkg.com/color-name/-/color-name-1.1.4.tgz#c2a09a87acbde69543de6f63fa3995c826c536a2"
  integrity sha512-dOy+3AuW3a2wNbZHIuMZpTcgjGuLU/uBL/ubcZF9OXbDo8ff4O8yVp5Bf0efS8uEoYo5q4Fx7dY9OgQGXgAsQA==

color-string@^1.9.0:
  version "1.9.1"
  resolved "https://registry.yarnpkg.com/color-string/-/color-string-1.9.1.tgz#4467f9146f036f855b764dfb5bf8582bf342c7a4"
  integrity sha512-shrVawQFojnZv6xM40anx4CkoDP+fZsw/ZerEMsW/pyzsRbElpsL/DBVW7q3ExxwusdNXI3lXpuhEZkzs8p5Eg==
  dependencies:
    color-name "^1.0.0"
    simple-swizzle "^0.2.2"

color@^4.2.3:
  version "4.2.3"
  resolved "https://registry.yarnpkg.com/color/-/color-4.2.3.tgz#d781ecb5e57224ee43ea9627560107c0e0c6463a"
  integrity sha512-1rXeuUUiGGrykh+CeBdu5Ie7OJwinCgQY0bc7GCRxy5xVHy+moaqkpL/jqQq0MtQOeYcrqEz4abc5f0KtU7W4A==
  dependencies:
    color-convert "^2.0.1"
    color-string "^1.9.0"

debug@4.x:
  version "4.4.0"
  resolved "https://registry.yarnpkg.com/debug/-/debug-4.4.0.tgz#2b3f2aea2ffeb776477460267377dc8710faba8a"
  integrity sha512-6WTZ/IxCY/T6BALoZHaE4ctp9xm+Z5kY/pzYaCHRFeyVhojxlrm+46y68HA6hr0TcwEssoxNiDEUJQjfPZ/RYA==
  dependencies:
    ms "^2.1.3"

detect-libc@^2.0.3:
  version "2.0.4"
  resolved "https://registry.yarnpkg.com/detect-libc/-/detect-libc-2.0.4.tgz#f04715b8ba815e53b4d8109655b6508a6865a7e8"
  integrity sha512-3UDv+G9CsCKO1WKMGw9fwq/SWJYbI0c5Y7LU1AXYoDdbhE2AHQ6N6Nb34sG8Fj7T5APy8qXDCKuuIHd1BR0tVA==

detect-node-es@^1.1.0:
  version "1.1.0"
  resolved "https://registry.yarnpkg.com/detect-node-es/-/detect-node-es-1.1.0.tgz#163acdf643330caa0b4cd7c21e7ee7755d6fa493"
  integrity sha512-ypdmJU/TbBby2Dxibuv7ZLW3Bs1QEmM7nHjEANfohJLvE0XVujisn1qPJcZxg+qDucsr+bP6fLD1rPS3AhJ7EQ==

electron-to-chromium@^1.5.149:
  version "1.5.151"
  resolved "https://registry.yarnpkg.com/electron-to-chromium/-/electron-to-chromium-1.5.151.tgz#5edd6c17e1b2f14b4662c41b9379f96cc8c2bb7c"
  integrity sha512-Rl6uugut2l9sLojjS4H4SAr3A4IgACMLgpuEMPYCVcKydzfyPrn5absNRju38IhQOf/NwjJY8OGWjlteqYeBCA==

escalade@^3.2.0:
  version "3.2.0"
  resolved "https://registry.yarnpkg.com/escalade/-/escalade-3.2.0.tgz#011a3f69856ba189dffa7dc8fcce99d2a87903e5"
  integrity sha512-WUj2qlxaQtO4g6Pq5c29GTcWGDyd8itL8zTlipgECz3JesAiiOKotd8JU6otB3PACgG6xkJUyVhboMS+bje/jA==

fraction.js@^4.3.7:
  version "4.3.7"
  resolved "https://registry.yarnpkg.com/fraction.js/-/fraction.js-4.3.7.tgz#06ca0085157e42fda7f9e726e79fefc4068840f7"
  integrity sha512-ZsDfxO51wGAXREY55a7la9LScWpwv9RxIrYABrlvOFBlH/ShPnrtsXeuUIfXKKOVicNxQ+o8JTbJvjS4M89yew==

get-nonce@^1.0.0:
  version "1.0.1"
  resolved "https://registry.yarnpkg.com/get-nonce/-/get-nonce-1.0.1.tgz#fdf3f0278073820d2ce9426c18f07481b1e0cdf3"
  integrity sha512-FJhYRoDaiatfEkUK8HKlicmu/3SGFD51q3itKDGoSTysQJBnfOcxU5GxnhE1E6soB76MbT0MBtnKJuXyAx+96Q==

is-arrayish@^0.3.1:
  version "0.3.2"
  resolved "https://registry.yarnpkg.com/is-arrayish/-/is-arrayish-0.3.2.tgz#4574a2ae56f7ab206896fb431eaeed066fdf8f03"
  integrity sha512-eVRqCvVlZbuw3GrM63ovNSNAeA1K16kaR/LRY/92w0zxQ5/1YzwblUX652i4Xs9RwAGjW9d9y6X88t8OaAJfWQ==

kareem@2.6.3:
  version "2.6.3"
  resolved "https://registry.yarnpkg.com/kareem/-/kareem-2.6.3.tgz#23168ec8ffb6c1abfd31b7169a6fb1dd285992ac"
  integrity sha512-C3iHfuGUXK2u8/ipq9LfjFfXFxAZMQJJq7vLS45r3D9Y2xQ/m4S8zaR4zMLFWh9AsNPXmcFfUDhTEO8UIC/V6Q==

lucide-react@^0.476.0:
  version "0.476.0"
  resolved "https://registry.yarnpkg.com/lucide-react/-/lucide-react-0.476.0.tgz#a33354832ea85b2c3764faf09d85c9a9332f7f60"
  integrity sha512-x6cLTk8gahdUPje0hSgLN1/MgiJH+Xl90Xoxy9bkPAsMPOUiyRSKR4JCDPGVCEpyqnZXH3exFWNItcvra9WzUQ==

memory-pager@^1.0.2:
  version "1.5.0"
  resolved "https://registry.yarnpkg.com/memory-pager/-/memory-pager-1.5.0.tgz#d8751655d22d384682741c972f2c3d6dfa3e66b5"
  integrity sha512-ZS4Bp4r/Zoeq6+NLJpP+0Zzm0pR8whtGPf1XExKLJBAczGMnSi3It14OiNCStjQjM6NU1okjQGSxgEZN8eBYKg==

mongodb-connection-string-url@^3.0.0:
  version "3.0.2"
  resolved "https://registry.yarnpkg.com/mongodb-connection-string-url/-/mongodb-connection-string-url-3.0.2.tgz#e223089dfa0a5fa9bf505f8aedcbc67b077b33e7"
  integrity sha512-rMO7CGo/9BFwyZABcKAWL8UJwH/Kc2x0g72uhDWzG48URRax5TCIcJ7Rc3RZqffZzO/Gwff/jyKwCU9TN8gehA==
  dependencies:
    "@types/whatwg-url" "^11.0.2"
    whatwg-url "^14.1.0 || ^13.0.0"

mongodb@~6.16.0:
  version "6.16.0"
  resolved "https://registry.yarnpkg.com/mongodb/-/mongodb-6.16.0.tgz#2a7a1986ec151d9c738fc8ce4cf4324c3f728a2f"
  integrity sha512-D1PNcdT0y4Grhou5Zi/qgipZOYeWrhLEpk33n3nm6LGtz61jvO88WlrWCK/bigMjpnOdAUKKQwsGIl0NtWMyYw==
  dependencies:
    "@mongodb-js/saslprep" "^1.1.9"
    bson "^6.10.3"
    mongodb-connection-string-url "^3.0.0"

mongoose@^8.14.2:
  version "8.14.2"
  resolved "https://registry.yarnpkg.com/mongoose/-/mongoose-8.14.2.tgz#5f36170ba16f31dba775b5dca070969c59d4bb3f"
  integrity sha512-LPLZiN6M8ap4GlXmaaG7yrHIkK45dSO3NZ0qgERJl2CfcL5eP7MA9umn4zGhKiWkMLbnHM4jhebIYbUhvuwWvQ==
  dependencies:
    bson "^6.10.3"
    kareem "2.6.3"
    mongodb "~6.16.0"
    mpath "0.9.0"
    mquery "5.0.0"
    ms "2.1.3"
    sift "17.1.3"

mpath@0.9.0:
  version "0.9.0"
  resolved "https://registry.yarnpkg.com/mpath/-/mpath-0.9.0.tgz#0c122fe107846e31fc58c75b09c35514b3871904"
  integrity sha512-ikJRQTk8hw5DEoFVxHG1Gn9T/xcjtdnOKIU1JTmGjZZlg9LST2mBLmcX3/ICIbgJydT2GOc15RnNy5mHmzfSew==

mquery@5.0.0:
  version "5.0.0"
  resolved "https://registry.yarnpkg.com/mquery/-/mquery-5.0.0.tgz#a95be5dfc610b23862df34a47d3e5d60e110695d"
  integrity sha512-iQMncpmEK8R8ncT8HJGsGc9Dsp8xcgYMVSbs5jgnm1lFHTZqMJTUWTDx1LBO8+mK3tPNZWFLBghQEIOULSTHZg==
  dependencies:
    debug "4.x"

ms@2.1.3, ms@^2.1.3:
  version "2.1.3"
  resolved "https://registry.yarnpkg.com/ms/-/ms-2.1.3.tgz#574c8138ce1d2b5861f0b44579dbadd60c6615b2"
  integrity sha512-6FlzubTLZG3J2a/NVCAleEhjzq5oxgHyaCU9yYXvcLsvoVaHJq/s5xXI6/XXP6tz7R9xAOtHnSO/tXtF3WRTlA==

nanoid@^3.3.6, nanoid@^3.3.8:
  version "3.3.11"
  resolved "https://registry.yarnpkg.com/nanoid/-/nanoid-3.3.11.tgz#4f4f112cefbe303202f2199838128936266d185b"
  integrity sha512-N8SpfPUnUp1bK+PMYW8qSWdl9U+wwNWI4QKxOYDy9JAro3WMX7p2OeVRF9v+347pnakNevPmiHhNmZ2HbFA76w==

next@^15.3.1:
  version "15.3.2"
  resolved "https://registry.yarnpkg.com/next/-/next-15.3.2.tgz#97510629e38a058dd154782a5c2ec9c9ab94d0d8"
  integrity sha512-CA3BatMyHkxZ48sgOCLdVHjFU36N7TF1HhqAHLFOkV6buwZnvMI84Cug8xD56B9mCuKrqXnLn94417GrZ/jjCQ==
  dependencies:
    "@next/env" "15.3.2"
    "@swc/counter" "0.1.3"
    "@swc/helpers" "0.5.15"
    busboy "1.6.0"
    caniuse-lite "^1.0.30001579"
    postcss "8.4.31"
    styled-jsx "5.1.6"
  optionalDependencies:
    "@next/swc-darwin-arm64" "15.3.2"
    "@next/swc-darwin-x64" "15.3.2"
    "@next/swc-linux-arm64-gnu" "15.3.2"
    "@next/swc-linux-arm64-musl" "15.3.2"
    "@next/swc-linux-x64-gnu" "15.3.2"
    "@next/swc-linux-x64-musl" "15.3.2"
    "@next/swc-win32-arm64-msvc" "15.3.2"
    "@next/swc-win32-x64-msvc" "15.3.2"
    sharp "^0.34.1"

node-releases@^2.0.19:
  version "2.0.19"
  resolved "https://registry.yarnpkg.com/node-releases/-/node-releases-2.0.19.tgz#9e445a52950951ec4d177d843af370b411caf314"
  integrity sha512-xxOWJsBKtzAq7DY0J+DTzuz58K8e7sJbdgwkbMWQe8UYB6ekmsQ45q0M/tJDsGaZmbC+l7n57UV8Hl5tHxO9uw==

normalize-range@^0.1.2:
  version "0.1.2"
  resolved "https://registry.yarnpkg.com/normalize-range/-/normalize-range-0.1.2.tgz#2d10c06bdfd312ea9777695a4d28439456b75942"
  integrity sha512-bdok/XvKII3nUpklnV6P2hxtMNrCboOjAcyBuQnWEhO665FwrSNRxU+AqpsyvO6LgGYPspN+lu5CLtw4jPRKNA==

picocolors@^1.0.0, picocolors@^1.1.1:
  version "1.1.1"
  resolved "https://registry.yarnpkg.com/picocolors/-/picocolors-1.1.1.tgz#3d321af3eab939b083c8f929a1d12cda81c26b6b"
  integrity sha512-xceH2snhtb5M9liqDsmEw56le376mTZkEX/jEb/RxNFyegNul7eNslCXP9FDj/Lcu0X8KEyMceP2ntpaHrDEVA==

postcss-value-parser@^4.2.0:
  version "4.2.0"
  resolved "https://registry.yarnpkg.com/postcss-value-parser/-/postcss-value-parser-4.2.0.tgz#723c09920836ba6d3e5af019f92bc0971c02e514"
  integrity sha512-1NNCs6uurfkVbeXG4S8JFT9t19m45ICnif8zWLd5oPSZ50QnwMfK+H3jv408d4jw/7Bttv5axS5IiHoLaVNHeQ==

postcss@8.4.31:
  version "8.4.31"
  resolved "https://registry.yarnpkg.com/postcss/-/postcss-8.4.31.tgz#92b451050a9f914da6755af352bdc0192508656d"
  integrity sha512-PS08Iboia9mts/2ygV3eLpY5ghnUcfLV/EXTOW1E2qYxJKGGBUtNjN76FYHnMs36RmARn41bC0AZmn+rR0OVpQ==
  dependencies:
    nanoid "^3.3.6"
    picocolors "^1.0.0"
    source-map-js "^1.0.2"

postcss@^8.5.3:
  version "8.5.3"
  resolved "https://registry.yarnpkg.com/postcss/-/postcss-8.5.3.tgz#1463b6f1c7fb16fe258736cba29a2de35237eafb"
  integrity sha512-dle9A3yYxlBSrt8Fu+IpjGT8SY8hN0mlaA6GY8t0P5PjIOZemULz/E2Bnm/2dcUOena75OTNkHI76uZBNUUq3A==
  dependencies:
    nanoid "^3.3.8"
    picocolors "^1.1.1"
    source-map-js "^1.2.1"

punycode@^2.3.1:
  version "2.3.1"
  resolved "https://registry.yarnpkg.com/punycode/-/punycode-2.3.1.tgz#027422e2faec0b25e1549c3e1bd8309b9133b6e5"
  integrity sha512-vYt7UD1U9Wg6138shLtLOvdAu+8DsC/ilFtEVHcH+wydcSpNE20AfSOduf6MkRFahL5FY7X1oU7nKVZFtfq8Fg==

react-remove-scroll-bar@^2.3.7:
  version "2.3.8"
  resolved "https://registry.yarnpkg.com/react-remove-scroll-bar/-/react-remove-scroll-bar-2.3.8.tgz#99c20f908ee467b385b68a3469b4a3e750012223"
  integrity sha512-9r+yi9+mgU33AKcj6IbT9oRCO78WriSj6t/cF8DWBZJ9aOGPOTEDvdUDz1FwKim7QXWwmHqtdHnRJfhAxEG46Q==
  dependencies:
    react-style-singleton "^2.2.2"
    tslib "^2.0.0"

react-remove-scroll@^2.6.3:
  version "2.6.3"
  resolved "https://registry.yarnpkg.com/react-remove-scroll/-/react-remove-scroll-2.6.3.tgz#df02cde56d5f2731e058531f8ffd7f9adec91ac2"
  integrity sha512-pnAi91oOk8g8ABQKGF5/M9qxmmOPxaAnopyTHYfqYEwJhyFrbbBtHuSgtKEoH0jpcxx5o3hXqH1mNd9/Oi+8iQ==
  dependencies:
    react-remove-scroll-bar "^2.3.7"
    react-style-singleton "^2.2.3"
    tslib "^2.1.0"
    use-callback-ref "^1.3.3"
    use-sidecar "^1.1.3"

react-style-singleton@^2.2.2, react-style-singleton@^2.2.3:
  version "2.2.3"
  resolved "https://registry.yarnpkg.com/react-style-singleton/-/react-style-singleton-2.2.3.tgz#4265608be69a4d70cfe3047f2c6c88b2c3ace388"
  integrity sha512-b6jSvxvVnyptAiLjbkWLE/lOnR4lfTtDAl+eUC7RZy+QQWc6wRzIV2CE6xBuMmDxc2qIihtDCZD5NPOFl7fRBQ==
  dependencies:
    get-nonce "^1.0.0"
    tslib "^2.0.0"

semver@^7.7.1:
  version "7.7.1"
  resolved "https://registry.yarnpkg.com/semver/-/semver-7.7.1.tgz#abd5098d82b18c6c81f6074ff2647fd3e7220c9f"
  integrity sha512-hlq8tAfn0m/61p4BVRcPzIGr6LKiMwo4VM6dGi6pt4qcRkmNzTcWq6eCEjEh+qXjkMDvPlOFFSGwQjoEa6gyMA==

sharp@^0.34.1:
  version "0.34.1"
  resolved "https://registry.yarnpkg.com/sharp/-/sharp-0.34.1.tgz#e5922894b0cc7ddf159eeabc6d5668e4e8b11d61"
  integrity sha512-1j0w61+eVxu7DawFJtnfYcvSv6qPFvfTaqzTQ2BLknVhHTwGS8sc63ZBF4rzkWMBVKybo4S5OBtDdZahh2A1xg==
  dependencies:
    color "^4.2.3"
    detect-libc "^2.0.3"
    semver "^7.7.1"
  optionalDependencies:
    "@img/sharp-darwin-arm64" "0.34.1"
    "@img/sharp-darwin-x64" "0.34.1"
    "@img/sharp-libvips-darwin-arm64" "1.1.0"
    "@img/sharp-libvips-darwin-x64" "1.1.0"
    "@img/sharp-libvips-linux-arm" "1.1.0"
    "@img/sharp-libvips-linux-arm64" "1.1.0"
    "@img/sharp-libvips-linux-ppc64" "1.1.0"
    "@img/sharp-libvips-linux-s390x" "1.1.0"
    "@img/sharp-libvips-linux-x64" "1.1.0"
    "@img/sharp-libvips-linuxmusl-arm64" "1.1.0"
    "@img/sharp-libvips-linuxmusl-x64" "1.1.0"
    "@img/sharp-linux-arm" "0.34.1"
    "@img/sharp-linux-arm64" "0.34.1"
    "@img/sharp-linux-s390x" "0.34.1"
    "@img/sharp-linux-x64" "0.34.1"
    "@img/sharp-linuxmusl-arm64" "0.34.1"
    "@img/sharp-linuxmusl-x64" "0.34.1"
    "@img/sharp-wasm32" "0.34.1"
    "@img/sharp-win32-ia32" "0.34.1"
    "@img/sharp-win32-x64" "0.34.1"

sift@17.1.3:
  version "17.1.3"
  resolved "https://registry.yarnpkg.com/sift/-/sift-17.1.3.tgz#9d2000d4d41586880b0079b5183d839c7a142bf7"
  integrity sha512-Rtlj66/b0ICeFzYTuNvX/EF1igRbbnGSvEyT79McoZa/DeGhMyC5pWKOEsZKnpkqtSeovd5FL/bjHWC3CIIvCQ==

simple-swizzle@^0.2.2:
  version "0.2.2"
  resolved "https://registry.yarnpkg.com/simple-swizzle/-/simple-swizzle-0.2.2.tgz#a4da6b635ffcccca33f70d17cb92592de95e557a"
  integrity sha512-JA//kQgZtbuY83m+xT+tXJkmJncGMTFT+C+g2h2R9uxkYIrE2yy9sgmcLhCnw57/WSD+Eh3J97FPEDFnbXnDUg==
  dependencies:
    is-arrayish "^0.3.1"

source-map-js@^1.0.2, source-map-js@^1.2.1:
  version "1.2.1"
  resolved "https://registry.yarnpkg.com/source-map-js/-/source-map-js-1.2.1.tgz#1ce5650fddd87abc099eda37dcff024c2667ae46"
  integrity sha512-UXWMKhLOwVKb728IUtQPXxfYU+usdybtUrK/8uGE8CQMvrhOpwvzDBwj0QhSL7MQc7vIsISBG8VQ8+IDQxpfQA==

sparse-bitfield@^3.0.3:
  version "3.0.3"
  resolved "https://registry.yarnpkg.com/sparse-bitfield/-/sparse-bitfield-3.0.3.tgz#ff4ae6e68656056ba4b3e792ab3334d38273ca11"
  integrity sha512-kvzhi7vqKTfkh0PZU+2D2PIllw2ymqJKujUcyPMd9Y75Nv4nPbGJZXNhxsgdQab2BmlDct1YnfQCguEvHr7VsQ==
  dependencies:
    memory-pager "^1.0.2"

streamsearch@^1.1.0:
  version "1.1.0"
  resolved "https://registry.yarnpkg.com/streamsearch/-/streamsearch-1.1.0.tgz#404dd1e2247ca94af554e841a8ef0eaa238da764"
  integrity sha512-Mcc5wHehp9aXz1ax6bZUyY5afg9u2rv5cqQI3mRrYkGC8rW2hM02jWuwjtL++LS5qinSyhj2QfLyNsuc+VsExg==

styled-jsx@5.1.6:
  version "5.1.6"
  resolved "https://registry.yarnpkg.com/styled-jsx/-/styled-jsx-5.1.6.tgz#83b90c077e6c6a80f7f5e8781d0f311b2fe41499"
  integrity sha512-qSVyDTeMotdvQYoHWLNGwRFJHC+i+ZvdBRYosOFgC+Wg1vx4frN2/RG/NA7SYqqvKNLf39P2LSRA2pu6n0XYZA==
  dependencies:
    client-only "0.0.1"

tailwindcss@^4.1.4:
  version "4.1.6"
  resolved "https://registry.yarnpkg.com/tailwindcss/-/tailwindcss-4.1.6.tgz#ebe62de22b7d8a8c1f76bd3a07fc37c3fcc36503"
  integrity sha512-j0cGLTreM6u4OWzBeLBpycK0WIh8w7kSwcUsQZoGLHZ7xDTdM69lN64AgoIEEwFi0tnhs4wSykUa5YWxAzgFYg==

tr46@^5.1.0:
  version "5.1.1"
  resolved "https://registry.yarnpkg.com/tr46/-/tr46-5.1.1.tgz#96ae867cddb8fdb64a49cc3059a8d428bcf238ca"
  integrity sha512-hdF5ZgjTqgAntKkklYw0R03MG2x/bSzTtkxmIRw/sTNV8YXsCJ1tfLAX23lhxhHJlEf3CRCOCGGWw3vI3GaSPw==
  dependencies:
    punycode "^2.3.1"

tslib@^2.0.0, tslib@^2.1.0, tslib@^2.4.0, tslib@^2.8.0:
  version "2.8.1"
  resolved "https://registry.yarnpkg.com/tslib/-/tslib-2.8.1.tgz#612efe4ed235d567e8aba5f2a5fab70280ade83f"
  integrity sha512-oJFu94HQb+KVduSUQL7wnpmqnfmLsOA/nAh6b6EH0wCEoK0/mPeXU6c3wKDV83MkOuHPRHtSXKKU99IBazS/2w==

update-browserslist-db@^1.1.3:
  version "1.1.3"
  resolved "https://registry.yarnpkg.com/update-browserslist-db/-/update-browserslist-db-1.1.3.tgz#348377dd245216f9e7060ff50b15a1b740b75420"
  integrity sha512-UxhIZQ+QInVdunkDAaiazvvT/+fXL5Osr0JZlJulepYu6Jd7qJtDZjlur0emRlT71EN3ScPoE7gvsuIKKNavKw==
  dependencies:
    escalade "^3.2.0"
    picocolors "^1.1.1"

use-callback-ref@^1.3.3:
  version "1.3.3"
  resolved "https://registry.yarnpkg.com/use-callback-ref/-/use-callback-ref-1.3.3.tgz#98d9fab067075841c5b2c6852090d5d0feabe2bf"
  integrity sha512-jQL3lRnocaFtu3V00JToYz/4QkNWswxijDaCVNZRiRTO3HQDLsdu1ZtmIUvV4yPp+rvWm5j0y0TG/S61cuijTg==
  dependencies:
    tslib "^2.0.0"

use-sidecar@^1.1.3:
  version "1.1.3"
  resolved "https://registry.yarnpkg.com/use-sidecar/-/use-sidecar-1.1.3.tgz#10e7fd897d130b896e2c546c63a5e8233d00efdb"
  integrity sha512-Fedw0aZvkhynoPYlA5WXrMCAMm+nSWdZt6lzJQ7Ok8S6Q+VsHmHpRWndVRJ8Be0ZbkfPc5LRYH+5XrzXcEeLRQ==
  dependencies:
    detect-node-es "^1.1.0"
    tslib "^2.0.0"

use-sync-external-store@^1.5.0:
  version "1.5.0"
  resolved "https://registry.yarnpkg.com/use-sync-external-store/-/use-sync-external-store-1.5.0.tgz#55122e2a3edd2a6c106174c27485e0fd59bcfca0"
  integrity sha512-Rb46I4cGGVBmjamjphe8L/UnvJD+uPPtTkNvX5mZgqdbavhI4EbgIWJiIHXJ8bc/i9EQGPRh4DwEURJ552Do0A==

webidl-conversions@^7.0.0:
  version "7.0.0"
  resolved "https://registry.yarnpkg.com/webidl-conversions/-/webidl-conversions-7.0.0.tgz#256b4e1882be7debbf01d05f0aa2039778ea080a"
  integrity sha512-VwddBukDzu71offAQR975unBIGqfKZpM+8ZX6ySk8nYhVoo5CYaZyzt3YBvYtRtO+aoGlqxPg/B87NGVZ/fu6g==

"whatwg-url@^14.1.0 || ^13.0.0":
  version "14.2.0"
  resolved "https://registry.yarnpkg.com/whatwg-url/-/whatwg-url-14.2.0.tgz#4ee02d5d725155dae004f6ae95c73e7ef5d95663"
  integrity sha512-De72GdQZzNTUBBChsXueQUnPKDkg/5A5zp7pFDuQAj5UFoENpiACU0wlCvzpAGnTkj++ihpKwKyYewn/XNUbKw==
  dependencies:
    tr46 "^5.1.0"
    webidl-conversions "^7.0.0"
